
Microsoft Visual Studio Solution File, Format Version 12.00
# Visual Studio Version 17
VisualStudioVersion = 17.9.34607.119
MinimumVisualStudioVersion = 10.0.40219.1
Project("{FAE04EC0-301F-11D3-BF4B-00C04F79EFBC}") = "OOBEMusic", "OOBEMusic\OOBEMusic.csproj", "{838B852A-6E57-40FB-97A3-0F24DBF4C784}"
EndProject
Project("{54435603-DBB4-11D2-8724-00A0C9A8B90C}") = "OOBEMusicPlayer", "OOBEMusicPlayer\OOBEMusicPlayer.vdproj", "{5D66256E-A388-437B-C67C-2749FA3E31E3}"
EndProject
Project("{FAE04EC0-301F-11D3-BF4B-00C04F79EFBC}") = "OOBEMusicSetup", "OOBEMusicSetup\OOBEMusicSetup.csproj", "{21B5C7C5-7824-4A15-8D1E-FEAE23746B83}"
EndProject
Project("{FAE04EC0-301F-11D3-BF4B-00C04F79EFBC}") = "WWAHostTestApp", "WWAHostTestApp\WWAHostTestApp.csproj", "{324756D8-3CC6-4E6B-B9D2-6F5C4AD0FE78}"
EndProject
Global
	GlobalSection(SolutionConfigurationPlatforms) = preSolution
		All|Any CPU = All|Any CPU
		All|ARM64 = All|ARM64
		All|x64 = All|x64
		All|x86 = All|x86
		Debug|Any CPU = Debug|Any CPU
		Debug|ARM64 = Debug|ARM64
		Debug|x64 = Debug|x64
		Debug|x86 = Debug|x86
		Release|Any CPU = Release|Any CPU
		Release|ARM64 = Release|ARM64
		Release|x64 = Release|x64
		Release|x86 = Release|x86
	EndGlobalSection
	GlobalSection(ProjectConfigurationPlatforms) = postSolution
		{838B852A-6E57-40FB-97A3-0F24DBF4C784}.All|Any CPU.ActiveCfg = Debug|Any CPU
		{838B852A-6E57-40FB-97A3-0F24DBF4C784}.All|Any CPU.Build.0 = Debug|Any CPU
		{838B852A-6E57-40FB-97A3-0F24DBF4C784}.All|ARM64.ActiveCfg = Debug|Any CPU
		{838B852A-6E57-40FB-97A3-0F24DBF4C784}.All|ARM64.Build.0 = Debug|Any CPU
		{838B852A-6E57-40FB-97A3-0F24DBF4C784}.All|x64.ActiveCfg = Debug|Any CPU
		{838B852A-6E57-40FB-97A3-0F24DBF4C784}.All|x64.Build.0 = Debug|Any CPU
		{838B852A-6E57-40FB-97A3-0F24DBF4C784}.All|x86.ActiveCfg = Debug|x86
		{838B852A-6E57-40FB-97A3-0F24DBF4C784}.All|x86.Build.0 = Debug|x86
		{838B852A-6E57-40FB-97A3-0F24DBF4C784}.Debug|Any CPU.ActiveCfg = Debug|Any CPU
		{838B852A-6E57-40FB-97A3-0F24DBF4C784}.Debug|Any CPU.Build.0 = Debug|Any CPU
		{838B852A-6E57-40FB-97A3-0F24DBF4C784}.Debug|ARM64.ActiveCfg = Debug|Any CPU
		{838B852A-6E57-40FB-97A3-0F24DBF4C784}.Debug|ARM64.Build.0 = Debug|Any CPU
		{838B852A-6E57-40FB-97A3-0F24DBF4C784}.Debug|x64.ActiveCfg = Debug|Any CPU
		{838B852A-6E57-40FB-97A3-0F24DBF4C784}.Debug|x64.Build.0 = Debug|Any CPU
		{838B852A-6E57-40FB-97A3-0F24DBF4C784}.Debug|x86.ActiveCfg = Debug|x86
		{838B852A-6E57-40FB-97A3-0F24DBF4C784}.Debug|x86.Build.0 = Debug|x86
		{838B852A-6E57-40FB-97A3-0F24DBF4C784}.Release|Any CPU.ActiveCfg = Release|Any CPU
		{838B852A-6E57-40FB-97A3-0F24DBF4C784}.Release|Any CPU.Build.0 = Release|Any CPU
		{838B852A-6E57-40FB-97A3-0F24DBF4C784}.Release|ARM64.ActiveCfg = Release|Any CPU
		{838B852A-6E57-40FB-97A3-0F24DBF4C784}.Release|ARM64.Build.0 = Release|Any CPU
		{838B852A-6E57-40FB-97A3-0F24DBF4C784}.Release|x64.ActiveCfg = Release|Any CPU
		{838B852A-6E57-40FB-97A3-0F24DBF4C784}.Release|x64.Build.0 = Release|Any CPU
		{838B852A-6E57-40FB-97A3-0F24DBF4C784}.Release|x86.ActiveCfg = Release|x86
		{838B852A-6E57-40FB-97A3-0F24DBF4C784}.Release|x86.Build.0 = Release|x86
		{5D66256E-A388-437B-C67C-2749FA3E31E3}.All|Any CPU.ActiveCfg = Debug
		{5D66256E-A388-437B-C67C-2749FA3E31E3}.All|ARM64.ActiveCfg = Debug
		{5D66256E-A388-437B-C67C-2749FA3E31E3}.All|x64.ActiveCfg = Debug
		{5D66256E-A388-437B-C67C-2749FA3E31E3}.All|x86.ActiveCfg = Debug
		{5D66256E-A388-437B-C67C-2749FA3E31E3}.Debug|Any CPU.ActiveCfg = Debug
		{5D66256E-A388-437B-C67C-2749FA3E31E3}.Debug|ARM64.ActiveCfg = Debug
		{5D66256E-A388-437B-C67C-2749FA3E31E3}.Debug|x64.ActiveCfg = Debug
		{5D66256E-A388-437B-C67C-2749FA3E31E3}.Debug|x86.ActiveCfg = Debug
		{5D66256E-A388-437B-C67C-2749FA3E31E3}.Release|Any CPU.ActiveCfg = Release
		{5D66256E-A388-437B-C67C-2749FA3E31E3}.Release|ARM64.ActiveCfg = Release
		{5D66256E-A388-437B-C67C-2749FA3E31E3}.Release|x64.ActiveCfg = Release
		{5D66256E-A388-437B-C67C-2749FA3E31E3}.Release|x86.ActiveCfg = Release
		{5D66256E-A388-437B-C67C-2749FA3E31E3}.Release|x86.Build.0 = Release
		{21B5C7C5-7824-4A15-8D1E-FEAE23746B83}.All|Any CPU.ActiveCfg = Debug|Any CPU
		{21B5C7C5-7824-4A15-8D1E-FEAE23746B83}.All|Any CPU.Build.0 = Debug|Any CPU
		{21B5C7C5-7824-4A15-8D1E-FEAE23746B83}.All|ARM64.ActiveCfg = Debug|Any CPU
		{21B5C7C5-7824-4A15-8D1E-FEAE23746B83}.All|ARM64.Build.0 = Debug|Any CPU
		{21B5C7C5-7824-4A15-8D1E-FEAE23746B83}.All|x64.ActiveCfg = Debug|Any CPU
		{21B5C7C5-7824-4A15-8D1E-FEAE23746B83}.All|x64.Build.0 = Debug|Any CPU
		{21B5C7C5-7824-4A15-8D1E-FEAE23746B83}.All|x86.ActiveCfg = Debug|Any CPU
		{21B5C7C5-7824-4A15-8D1E-FEAE23746B83}.All|x86.Build.0 = Debug|Any CPU
		{21B5C7C5-7824-4A15-8D1E-FEAE23746B83}.Debug|Any CPU.ActiveCfg = Debug|Any CPU
		{21B5C7C5-7824-4A15-8D1E-FEAE23746B83}.Debug|Any CPU.Build.0 = Debug|Any CPU
		{21B5C7C5-7824-4A15-8D1E-FEAE23746B83}.Debug|ARM64.ActiveCfg = Debug|Any CPU
		{21B5C7C5-7824-4A15-8D1E-FEAE23746B83}.Debug|ARM64.Build.0 = Debug|Any CPU
		{21B5C7C5-7824-4A15-8D1E-FEAE23746B83}.Debug|x64.ActiveCfg = Debug|Any CPU
		{21B5C7C5-7824-4A15-8D1E-FEAE23746B83}.Debug|x64.Build.0 = Debug|Any CPU
		{21B5C7C5-7824-4A15-8D1E-FEAE23746B83}.Debug|x86.ActiveCfg = Debug|Any CPU
		{21B5C7C5-7824-4A15-8D1E-FEAE23746B83}.Debug|x86.Build.0 = Debug|Any CPU
		{21B5C7C5-7824-4A15-8D1E-FEAE23746B83}.Release|Any CPU.ActiveCfg = Release|Any CPU
		{21B5C7C5-7824-4A15-8D1E-FEAE23746B83}.Release|Any CPU.Build.0 = Release|Any CPU
		{21B5C7C5-7824-4A15-8D1E-FEAE23746B83}.Release|ARM64.ActiveCfg = Release|Any CPU
		{21B5C7C5-7824-4A15-8D1E-FEAE23746B83}.Release|ARM64.Build.0 = Release|Any CPU
		{21B5C7C5-7824-4A15-8D1E-FEAE23746B83}.Release|x64.ActiveCfg = Release|Any CPU
		{21B5C7C5-7824-4A15-8D1E-FEAE23746B83}.Release|x64.Build.0 = Release|Any CPU
		{21B5C7C5-7824-4A15-8D1E-FEAE23746B83}.Release|x86.ActiveCfg = Release|Any CPU
		{21B5C7C5-7824-4A15-8D1E-FEAE23746B83}.Release|x86.Build.0 = Release|Any CPU
		{324756D8-3CC6-4E6B-B9D2-6F5C4AD0FE78}.All|Any CPU.ActiveCfg = Debug|Any CPU
		{324756D8-3CC6-4E6B-B9D2-6F5C4AD0FE78}.All|Any CPU.Build.0 = Debug|Any CPU
		{324756D8-3CC6-4E6B-B9D2-6F5C4AD0FE78}.All|ARM64.ActiveCfg = Debug|Any CPU
		{324756D8-3CC6-4E6B-B9D2-6F5C4AD0FE78}.All|ARM64.Build.0 = Debug|Any CPU
		{324756D8-3CC6-4E6B-B9D2-6F5C4AD0FE78}.All|x64.ActiveCfg = Debug|Any CPU
		{324756D8-3CC6-4E6B-B9D2-6F5C4AD0FE78}.All|x64.Build.0 = Debug|Any CPU
		{324756D8-3CC6-4E6B-B9D2-6F5C4AD0FE78}.All|x86.ActiveCfg = Debug|Any CPU
		{324756D8-3CC6-4E6B-B9D2-6F5C4AD0FE78}.All|x86.Build.0 = Debug|Any CPU
		{324756D8-3CC6-4E6B-B9D2-6F5C4AD0FE78}.Debug|Any CPU.ActiveCfg = Debug|Any CPU
		{324756D8-3CC6-4E6B-B9D2-6F5C4AD0FE78}.Debug|Any CPU.Build.0 = Debug|Any CPU
		{324756D8-3CC6-4E6B-B9D2-6F5C4AD0FE78}.Debug|ARM64.ActiveCfg = Debug|Any CPU
		{324756D8-3CC6-4E6B-B9D2-6F5C4AD0FE78}.Debug|ARM64.Build.0 = Debug|Any CPU
		{324756D8-3CC6-4E6B-B9D2-6F5C4AD0FE78}.Debug|x64.ActiveCfg = Debug|Any CPU
		{324756D8-3CC6-4E6B-B9D2-6F5C4AD0FE78}.Debug|x64.Build.0 = Debug|Any CPU
		{324756D8-3CC6-4E6B-B9D2-6F5C4AD0FE78}.Debug|x86.ActiveCfg = Debug|Any CPU
		{324756D8-3CC6-4E6B-B9D2-6F5C4AD0FE78}.Debug|x86.Build.0 = Debug|Any CPU
		{324756D8-3CC6-4E6B-B9D2-6F5C4AD0FE78}.Release|Any CPU.ActiveCfg = Release|Any CPU
		{324756D8-3CC6-4E6B-B9D2-6F5C4AD0FE78}.Release|Any CPU.Build.0 = Release|Any CPU
		{324756D8-3CC6-4E6B-B9D2-6F5C4AD0FE78}.Release|ARM64.ActiveCfg = Release|Any CPU
		{324756D8-3CC6-4E6B-B9D2-6F5C4AD0FE78}.Release|ARM64.Build.0 = Release|Any CPU
		{324756D8-3CC6-4E6B-B9D2-6F5C4AD0FE78}.Release|x64.ActiveCfg = Release|Any CPU
		{324756D8-3CC6-4E6B-B9D2-6F5C4AD0FE78}.Release|x64.Build.0 = Release|Any CPU
		{324756D8-3CC6-4E6B-B9D2-6F5C4AD0FE78}.Release|x86.ActiveCfg = Release|Any CPU
		{324756D8-3CC6-4E6B-B9D2-6F5C4AD0FE78}.Release|x86.Build.0 = Release|Any CPU
	EndGlobalSection
	GlobalSection(SolutionProperties) = preSolution
		HideSolutionNode = FALSE
	EndGlobalSection
	GlobalSection(ExtensibilityGlobals) = postSolution
		SolutionGuid = {E83A7DB8-64E2-40F8-809A-2DC1A27C65A2}
	EndGlobalSection
EndGlobal
